
Microsoft Visual Studio Solution File, Format Version 12.00
# Visual Studio Version 16
VisualStudioVersion = 16.0.31025.194
MinimumVisualStudioVersion = 10.0.40219.1
Project("{888888A0-9F3D-457C-B088-3A5042F75D52}") = "sendInfo", "sendInfo.pyproj", "{B9240CC1-3B4A-451A-B9A9-3C48F15A2747}"
EndProject
Global
	GlobalSection(SolutionConfigurationPlatforms) = preSolution
		Debug|Any CPU = Debug|Any CPU
		Release|Any CPU = Release|Any CPU
	EndGlobalSection
	GlobalSection(ProjectConfigurationPlatforms) = postSolution
		{B9240CC1-3B4A-451A-B9A9-3C48F15A2747}.Debug|Any CPU.ActiveCfg = Debug|Any CPU
		{B9240CC1-3B4A-451A-B9A9-3C48F15A2747}.Release|Any CPU.ActiveCfg = Release|Any CPU
	EndGlobalSection
	GlobalSection(SolutionProperties) = preSolution
		HideSolutionNode = FALSE
	EndGlobalSection
	GlobalSection(ExtensibilityGlobals) = postSolution
		SolutionGuid = {020D147A-B4FA-4396-9385-B62C340560CE}
	EndGlobalSection
EndGlobal
